
Microsoft Visual Studio Solution File, Format Version 11.00
# Visual Studio 2010
Project("{FAE04EC0-301F-11D3-BF4B-00C04F79EFBC}") = "fizz-buzz-csharp-version", "fizz-buzz-csharp-version\fizz-buzz-csharp-version.csproj", "{331A7540-F8E4-4E72-9C20-42758C9B6FAA}"
EndProject
Project("{FAE04EC0-301F-11D3-BF4B-00C04F79EFBC}") = "fizz-buzz-printer", "fizz-buzz-printer\fizz-buzz-printer.csproj", "{1CDA8312-A498-41CD-9A90-ED8609F5300C}"
EndProject
Global
	GlobalSection(SolutionConfigurationPlatforms) = preSolution
		Debug|Any CPU = Debug|Any CPU
		Release|Any CPU = Release|Any CPU
	EndGlobalSection
	GlobalSection(ProjectConfigurationPlatforms) = postSolution
		{331A7540-F8E4-4E72-9C20-42758C9B6FAA}.Debug|Any CPU.ActiveCfg = Debug|Any CPU
		{331A7540-F8E4-4E72-9C20-42758C9B6FAA}.Debug|Any CPU.Build.0 = Debug|Any CPU
		{331A7540-F8E4-4E72-9C20-42758C9B6FAA}.Release|Any CPU.ActiveCfg = Release|Any CPU
		{331A7540-F8E4-4E72-9C20-42758C9B6FAA}.Release|Any CPU.Build.0 = Release|Any CPU
		{1CDA8312-A498-41CD-9A90-ED8609F5300C}.Debug|Any CPU.ActiveCfg = Debug|Any CPU
		{1CDA8312-A498-41CD-9A90-ED8609F5300C}.Debug|Any CPU.Build.0 = Debug|Any CPU
		{1CDA8312-A498-41CD-9A90-ED8609F5300C}.Release|Any CPU.ActiveCfg = Release|Any CPU
		{1CDA8312-A498-41CD-9A90-ED8609F5300C}.Release|Any CPU.Build.0 = Release|Any CPU
	EndGlobalSection
	GlobalSection(SolutionProperties) = preSolution
		HideSolutionNode = FALSE
	EndGlobalSection
EndGlobal
